
Microsoft Visual Studio Solution File, Format Version 12.00
# Visual Studio 15
VisualStudioVersion = 15.0.28307.1340
MinimumVisualStudioVersion = 10.0.40219.1
Project("{FAE04EC0-301F-11D3-BF4B-00C04F79EFBC}") = "Laundry_MVC", "Laundry_MVC\Laundry_MVC.csproj", "{4F508F57-23AE-4211-AB35-9F68DC393156}"
EndProject
Global
	GlobalSection(SolutionConfigurationPlatforms) = preSolution
		Debug|Any CPU = Debug|Any CPU
		Release|Any CPU = Release|Any CPU
	EndGlobalSection
	GlobalSection(ProjectConfigurationPlatforms) = postSolution
		{4F508F57-23AE-4211-AB35-9F68DC393156}.Debug|Any CPU.ActiveCfg = Debug|Any CPU
		{4F508F57-23AE-4211-AB35-9F68DC393156}.Debug|Any CPU.Build.0 = Debug|Any CPU
		{4F508F57-23AE-4211-AB35-9F68DC393156}.Release|Any CPU.ActiveCfg = Release|Any CPU
		{4F508F57-23AE-4211-AB35-9F68DC393156}.Release|Any CPU.Build.0 = Release|Any CPU
	EndGlobalSection
	GlobalSection(SolutionProperties) = preSolution
		HideSolutionNode = FALSE
	EndGlobalSection
	GlobalSection(ExtensibilityGlobals) = postSolution
		SolutionGuid = {B4E017B0-3D82-4A49-8798-DE674981040B}
	EndGlobalSection
EndGlobal
